// !$*UTF8*$!
{
	archiveVersion = 1;
	classes = {
	};
	objectVersion = 48;
	objects = {

/* Begin PBXBuildFile section */
		F1ECF74F9439010B9E17E951 /* Pods_Todoey.framework in Frameworks */ = {isa = PBXBuildFile; fileRef = 7D9504C32FD47C9CA3FE5E99 /* Pods_Todoey.framework */; };
		FA765BBA1FFD561C004A3F72 /* SwipeTableViewController.swift in Sources */ = {isa = PBXBuildFile; fileRef = FA765BB91FFD561C004A3F72 /* SwipeTableViewController.swift */; };
		FA826A1E1FF9DC48001D073D /* Item.swift in Sources */ = {isa = PBXBuildFile; fileRef = FA826A1D1FF9DC48001D073D /* Item.swift */; };
		FA826A201FF9DC6B001D073D /* Category.swift in Sources */ = {isa = PBXBuildFile; fileRef = FA826A1F1FF9DC6B001D073D /* Category.swift */; };
		FAB466581FF812A7009C111E /* CategoryViewController.swift in Sources */ = {isa = PBXBuildFile; fileRef = FAB466571FF812A7009C111E /* CategoryViewController.swift */; };
		FAEF710E1FF31B6500129AE9 /* AppDelegate.swift in Sources */ = {isa = PBXBuildFile; fileRef = FAEF710D1FF31B6500129AE9 /* AppDelegate.swift */; };
		FAEF71101FF31B6500129AE9 /* TodoListViewController.swift in Sources */ = {isa = PBXBuildFile; fileRef = FAEF710F1FF31B6500129AE9 /* TodoListViewController.swift */; };
		FAEF71131FF31B6500129AE9 /* Main.storyboard in Resources */ = {isa = PBXBuildFile; fileRef = FAEF71111FF31B6500129AE9 /* Main.storyboard */; };
		FAEF71151FF31B6500129AE9 /* Assets.xcassets in Resources */ = {isa = PBXBuildFile; fileRef = FAEF71141FF31B6500129AE9 /* Assets.xcassets */; };
		FAEF71181FF31B6500129AE9 /* LaunchScreen.storyboard in Resources */ = {isa = PBXBuildFile; fileRef = FAEF71161FF31B6500129AE9 /* LaunchScreen.storyboard */; };
/* End PBXBuildFile section */

/* Begin PBXFileReference section */
		7D9504C32FD47C9CA3FE5E99 /* Pods_Todoey.framework */ = {isa = PBXFileReference; explicitFileType = wrapper.framework; includeInIndex = 0; path = Pods_Todoey.framework; sourceTree = BUILT_PRODUCTS_DIR; };
		9AC06FA9F847D4F5030DC9D9 /* Pods-Todoey.release.xcconfig */ = {isa = PBXFileReference; includeInIndex = 1; lastKnownFileType = text.xcconfig; name = "Pods-Todoey.release.xcconfig"; path = "Pods/Target Support Files/Pods-Todoey/Pods-Todoey.release.xcconfig"; sourceTree = "<group>"; };
		B7285D9B983CE09EFB01B287 /* Pods-Todoey.debug.xcconfig */ = {isa = PBXFileReference; includeInIndex = 1; lastKnownFileType = text.xcconfig; name = "Pods-Todoey.debug.xcconfig"; path = "Pods/Target Support Files/Pods-Todoey/Pods-Todoey.debug.xcconfig"; sourceTree = "<group>"; };
		FA765BB91FFD561C004A3F72 /* SwipeTableViewController.swift */ = {isa = PBXFileReference; lastKnownFileType = sourcecode.swift; path = SwipeTableViewController.swift; sourceTree = "<group>"; };
		FA826A1D1FF9DC48001D073D /* Item.swift */ = {isa = PBXFileReference; lastKnownFileType = sourcecode.swift; path = Item.swift; sourceTree = "<group>"; };
		FA826A1F1FF9DC6B001D073D /* Category.swift */ = {isa = PBXFileReference; lastKnownFileType = sourcecode.swift; path = Category.swift; sourceTree = "<group>"; };
		FAB466571FF812A7009C111E /* CategoryViewController.swift */ = {isa = PBXFileReference; lastKnownFileType = sourcecode.swift; path = CategoryViewController.swift; sourceTree = "<group>"; };
		FAEF710A1FF31B6500129AE9 /* Todoey.app */ = {isa = PBXFileReference; explicitFileType = wrapper.application; includeInIndex = 0; path = Todoey.app; sourceTree = BUILT_PRODUCTS_DIR; };
		FAEF710D1FF31B6500129AE9 /* AppDelegate.swift */ = {isa = PBXFileReference; lastKnownFileType = sourcecode.swift; path = AppDelegate.swift; sourceTree = "<group>"; };
		FAEF710F1FF31B6500129AE9 /* TodoListViewController.swift */ = {isa = PBXFileReference; lastKnownFileType = sourcecode.swift; path = TodoListViewController.swift; sourceTree = "<group>"; };
		FAEF71121FF31B6500129AE9 /* Base */ = {isa = PBXFileReference; lastKnownFileType = file.storyboard; name = Base; path = Base.lproj/Main.storyboard; sourceTree = "<group>"; };
		FAEF71141FF31B6500129AE9 /* Assets.xcassets */ = {isa = PBXFileReference; lastKnownFileType = folder.assetcatalog; path = Assets.xcassets; sourceTree = "<group>"; };
		FAEF71171FF31B6500129AE9 /* Base */ = {isa = PBXFileReference; lastKnownFileType = file.storyboard; name = Base; path = Base.lproj/LaunchScreen.storyboard; sourceTree = "<group>"; };
		FAEF71191FF31B6500129AE9 /* Info.plist */ = {isa = PBXFileReference; lastKnownFileType = text.plist.xml; path = Info.plist; sourceTree = "<group>"; };
/* End PBXFileReference section */

/* Begin PBXFrameworksBuildPhase section */
		FAEF71071FF31B6500129AE9 /* Frameworks */ = {
			isa = PBXFrameworksBuildPhase;
			buildActionMask = 2147483647;
			files = (
				F1ECF74F9439010B9E17E951 /* Pods_Todoey.framework in Frameworks */,
			);
			runOnlyForDeploymentPostprocessing = 0;
		};
/* End PBXFrameworksBuildPhase section */

/* Begin PBXGroup section */
		8C1A6C21D8D5917879D9C178 /* Frameworks */ = {
			isa = PBXGroup;
			children = (
				7D9504C32FD47C9CA3FE5E99 /* Pods_Todoey.framework */,
			);
			name = Frameworks;
			sourceTree = "<group>";
		};
		C9F4BFC4F3832069D12759C7 /* Pods */ = {
			isa = PBXGroup;
			children = (
				B7285D9B983CE09EFB01B287 /* Pods-Todoey.debug.xcconfig */,
				9AC06FA9F847D4F5030DC9D9 /* Pods-Todoey.release.xcconfig */,
			);
			name = Pods;
			sourceTree = "<group>";
		};
		FAEF71011FF31B6500129AE9 = {
			isa = PBXGroup;
			children = (
				FAEF710C1FF31B6500129AE9 /* Todoey */,
				FAEF710B1FF31B6500129AE9 /* Products */,
				C9F4BFC4F3832069D12759C7 /* Pods */,
				8C1A6C21D8D5917879D9C178 /* Frameworks */,
			);
			sourceTree = "<group>";
		};
		FAEF710B1FF31B6500129AE9 /* Products */ = {
			isa = PBXGroup;
			children = (
				FAEF710A1FF31B6500129AE9 /* Todoey.app */,
			);
			name = Products;
			sourceTree = "<group>";
		};
		FAEF710C1FF31B6500129AE9 /* Todoey */ = {
			isa = PBXGroup;
			children = (
				FAEF710D1FF31B6500129AE9 /* AppDelegate.swift */,
				FAFB65871FF4475B00419913 /* Controllers */,
				FAFB65841FF446DE00419913 /* Data Model */,
				FAFB65861FF4474700419913 /* Views */,
				FAFB65851FF4471400419913 /* Support Files */,
				FAEF71191FF31B6500129AE9 /* Info.plist */,
			);
			path = Todoey;
			sourceTree = "<group>";
		};
		FAFB65841FF446DE00419913 /* Data Model */ = {
			isa = PBXGroup;
			children = (
				FA826A1F1FF9DC6B001D073D /* Category.swift */,
				FA826A1D1FF9DC48001D073D /* Item.swift */,
			);
			path = "Data Model";
			sourceTree = "<group>";
		};
		FAFB65851FF4471400419913 /* Support Files */ = {
			isa = PBXGroup;
			children = (
				FAEF71141FF31B6500129AE9 /* Assets.xcassets */,
				FAEF71161FF31B6500129AE9 /* LaunchScreen.storyboard */,
			);
			path = "Support Files";
			sourceTree = "<group>";
		};
		FAFB65861FF4474700419913 /* Views */ = {
			isa = PBXGroup;
			children = (
				FAEF71111FF31B6500129AE9 /* Main.storyboard */,
			);
			path = Views;
			sourceTree = "<group>";
		};
		FAFB65871FF4475B00419913 /* Controllers */ = {
			isa = PBXGroup;
			children = (
				FAB466571FF812A7009C111E /* CategoryViewController.swift */,
				FAEF710F1FF31B6500129AE9 /* TodoListViewController.swift */,
				FA765BB91FFD561C004A3F72 /* SwipeTableViewController.swift */,
			);
			path = Controllers;
			sourceTree = "<group>";
		};
/* End PBXGroup section */

/* Begin PBXNativeTarget section */
		FAEF71091FF31B6500129AE9 /* Todoey */ = {
			isa = PBXNativeTarget;
			buildConfigurationList = FAEF711C1FF31B6500129AE9 /* Build configuration list for PBXNativeTarget "Todoey" */;
			buildPhases = (
				501BA3D568BA5A02646B7B02 /* [CP] Check Pods Manifest.lock */,
				FAEF71061FF31B6500129AE9 /* Sources */,
				FAEF71071FF31B6500129AE9 /* Frameworks */,
				FAEF71081FF31B6500129AE9 /* Resources */,
				E1C7B534E7AD77FF83C89AF9 /* [CP] Embed Pods Frameworks */,
				544D99821F206497F48B3E6B /* [CP] Copy Pods Resources */,
			);
			buildRules = (
			);
			dependencies = (
			);
			name = Todoey;
			productName = Todoey;
			productReference = FAEF710A1FF31B6500129AE9 /* Todoey.app */;
			productType = "com.apple.product-type.application";
		};
/* End PBXNativeTarget section */

/* Begin PBXProject section */
		FAEF71021FF31B6500129AE9 /* Project object */ = {
			isa = PBXProject;
			attributes = {
				LastSwiftUpdateCheck = 0920;
				LastUpgradeCheck = 0920;
				ORGANIZATIONNAME = TechMussayApp;
				TargetAttributes = {
					FAEF71091FF31B6500129AE9 = {
						CreatedOnToolsVersion = 9.2;
						ProvisioningStyle = Automatic;
					};
				};
			};
			buildConfigurationList = FAEF71051FF31B6500129AE9 /* Build configuration list for PBXProject "Todoey" */;
			compatibilityVersion = "Xcode 8.0";
			developmentRegion = en;
			hasScannedForEncodings = 0;
			knownRegions = (
				en,
				Base,
			);
			mainGroup = FAEF71011FF31B6500129AE9;
			productRefGroup = FAEF710B1FF31B6500129AE9 /* Products */;
			projectDirPath = "";
			projectRoot = "";
			targets = (
				FAEF71091FF31B6500129AE9 /* Todoey */,
			);
		};
/* End PBXProject section */

/* Begin PBXResourcesBuildPhase section */
		FAEF71081FF31B6500129AE9 /* Resources */ = {
			isa = PBXResourcesBuildPhase;
			buildActionMask = 2147483647;
			files = (
				FAEF71181FF31B6500129AE9 /* LaunchScreen.storyboard in Resources */,
				FAEF71151FF31B6500129AE9 /* Assets.xcassets in Resources */,
				FAEF71131FF31B6500129AE9 /* Main.storyboard in Resources */,
			);
			runOnlyForDeploymentPostprocessing = 0;
		};
/* End PBXResourcesBuildPhase section */

/* Begin PBXShellScriptBuildPhase section */
		501BA3D568BA5A02646B7B02 /* [CP] Check Pods Manifest.lock */ = {
			isa = PBXShellScriptBuildPhase;
			buildActionMask = 2147483647;
			files = (
			);
			inputPaths = (
				"${PODS_PODFILE_DIR_PATH}/Podfile.lock",
				"${PODS_ROOT}/Manifest.lock",
			);
			name = "[CP] Check Pods Manifest.lock";
			outputPaths = (
				"$(DERIVED_FILE_DIR)/Pods-Todoey-checkManifestLockResult.txt",
			);
			runOnlyForDeploymentPostprocessing = 0;
			shellPath = /bin/sh;
			shellScript = "diff \"${PODS_PODFILE_DIR_PATH}/Podfile.lock\" \"${PODS_ROOT}/Manifest.lock\" > /dev/null\nif [ $? != 0 ] ; then\n    # print error to STDERR\n    echo \"error: The sandbox is not in sync with the Podfile.lock. Run 'pod install' or update your CocoaPods installation.\" >&2\n    exit 1\nfi\n# This output is used by Xcode 'outputs' to avoid re-running this script phase.\necho \"SUCCESS\" > \"${SCRIPT_OUTPUT_FILE_0}\"\n";
			showEnvVarsInLog = 0;
		};
		544D99821F206497F48B3E6B /* [CP] Copy Pods Resources */ = {
			isa = PBXShellScriptBuildPhase;
			buildActionMask = 2147483647;
			files = (
			);
			inputPaths = (
			);
			name = "[CP] Copy Pods Resources";
			outputPaths = (
			);
			runOnlyForDeploymentPostprocessing = 0;
			shellPath = /bin/sh;
			shellScript = "\"${SRCROOT}/Pods/Target Support Files/Pods-Todoey/Pods-Todoey-resources.sh\"\n";
			showEnvVarsInLog = 0;
		};
		E1C7B534E7AD77FF83C89AF9 /* [CP] Embed Pods Frameworks */ = {
			isa = PBXShellScriptBuildPhase;
			buildActionMask = 2147483647;
			files = (
			);
			inputPaths = (
				"${SRCROOT}/Pods/Target Support Files/Pods-Todoey/Pods-Todoey-frameworks.sh",
				"${BUILT_PRODUCTS_DIR}/ChameleonFramework/ChameleonFramework.framework",
				"${BUILT_PRODUCTS_DIR}/Realm/Realm.framework",
				"${BUILT_PRODUCTS_DIR}/RealmSwift/RealmSwift.framework",
				"${BUILT_PRODUCTS_DIR}/SwipeCellKit/SwipeCellKit.framework",
			);
			name = "[CP] Embed Pods Frameworks";
			outputPaths = (
				"${TARGET_BUILD_DIR}/${FRAMEWORKS_FOLDER_PATH}/ChameleonFramework.framework",
				"${TARGET_BUILD_DIR}/${FRAMEWORKS_FOLDER_PATH}/Realm.framework",
				"${TARGET_BUILD_DIR}/${FRAMEWORKS_FOLDER_PATH}/RealmSwift.framework",
				"${TARGET_BUILD_DIR}/${FRAMEWORKS_FOLDER_PATH}/SwipeCellKit.framework",
			);
			runOnlyForDeploymentPostprocessing = 0;
			shellPath = /bin/sh;
			shellScript = "\"${SRCROOT}/Pods/Target Support Files/Pods-Todoey/Pods-Todoey-frameworks.sh\"\n";
			showEnvVarsInLog = 0;
		};
/* End PBXShellScriptBuildPhase section */

/* Begin PBXSourcesBuildPhase section */
		FAEF71061FF31B6500129AE9 /* Sources */ = {
			isa = PBXSourcesBuildPhase;
			buildActionMask = 2147483647;
			files = (
				FA826A1E1FF9DC48001D073D /* Item.swift in Sources */,
				FAB466581FF812A7009C111E /* CategoryViewController.swift in Sources */,
				FAEF71101FF31B6500129AE9 /* TodoListViewController.swift in Sources */,
				FAEF710E1FF31B6500129AE9 /* AppDelegate.swift in Sources */,
				FA765BBA1FFD561C004A3F72 /* SwipeTableViewController.swift in Sources */,
				FA826A201FF9DC6B001D073D /* Category.swift in Sources */,
			);
			runOnlyForDeploymentPostprocessing = 0;
		};
/* End PBXSourcesBuildPhase section */

/* Begin PBXVariantGroup section */
		FAEF71111FF31B6500129AE9 /* Main.storyboard */ = {
			isa = PBXVariantGroup;
			children = (
				FAEF71121FF31B6500129AE9 /* Base */,
			);
			name = Main.storyboard;
			sourceTree = "<group>";
		};
		FAEF71161FF31B6500129AE9 /* LaunchScreen.storyboard */ = {
			isa = PBXVariantGroup;
			children = (
				FAEF71171FF31B6500129AE9 /* Base */,
			);
			name = LaunchScreen.storyboard;
			sourceTree = "<group>";
		};
/* End PBXVariantGroup section */

/* Begin XCBuildConfiguration section */
		FAEF711A1FF31B6500129AE9 /* Debug */ = {
			isa = XCBuildConfiguration;
			buildSettings = {
				ALWAYS_SEARCH_USER_PATHS = NO;
				CLANG_ANALYZER_NONNULL = YES;
				CLANG_ANALYZER_NUMBER_OBJECT_CONVERSION = YES_AGGRESSIVE;
				CLANG_CXX_LANGUAGE_STANDARD = "gnu++14";
				CLANG_CXX_LIBRARY = "libc++";
				CLANG_ENABLE_MODULES = YES;
				CLANG_ENABLE_OBJC_ARC = YES;
				CLANG_WARN_BLOCK_CAPTURE_AUTORELEASING = YES;
				CLANG_WARN_BOOL_CONVERSION = YES;
				CLANG_WARN_COMMA = YES;
				CLANG_WARN_CONSTANT_CONVERSION = YES;
				CLANG_WARN_DIRECT_OBJC_ISA_USAGE = YES_ERROR;
				CLANG_WARN_DOCUMENTATION_COMMENTS = YES;
				CLANG_WARN_EMPTY_BODY = YES;
				CLANG_WARN_ENUM_CONVERSION = YES;
				CLANG_WARN_INFINITE_RECURSION = YES;
				CLANG_WARN_INT_CONVERSION = YES;
				CLANG_WARN_NON_LITERAL_NULL_CONVERSION = YES;
				CLANG_WARN_OBJC_LITERAL_CONVERSION = YES;
				CLANG_WARN_OBJC_ROOT_CLASS = YES_ERROR;
				CLANG_WARN_RANGE_LOOP_ANALYSIS = YES;
				CLANG_WARN_STRICT_PROTOTYPES = YES;
				CLANG_WARN_SUSPICIOUS_MOVE = YES;
				CLANG_WARN_UNGUARDED_AVAILABILITY = YES_AGGRESSIVE;
				CLANG_WARN_UNREACHABLE_CODE = YES;
				CLANG_WARN__DUPLICATE_METHOD_MATCH = YES;
				CODE_SIGN_IDENTITY = "iPhone Developer";
				COPY_PHASE_STRIP = NO;
				DEBUG_INFORMATION_FORMAT = dwarf;
				ENABLE_STRICT_OBJC_MSGSEND = YES;
				ENABLE_TESTABILITY = YES;
				GCC_C_LANGUAGE_STANDARD = gnu11;
				GCC_DYNAMIC_NO_PIC = NO;
				GCC_NO_COMMON_BLOCKS = YES;
				GCC_OPTIMIZATION_LEVEL = 0;
				GCC_PREPROCESSOR_DEFINITIONS = (
					"DEBUG=1",
					"$(inherited)",
				);
				GCC_WARN_64_TO_32_BIT_CONVERSION = YES;
				GCC_WARN_ABOUT_RETURN_TYPE = YES_ERROR;
				GCC_WARN_UNDECLARED_SELECTOR = YES;
				GCC_WARN_UNINITIALIZED_AUTOS = YES_AGGRESSIVE;
				GCC_WARN_UNUSED_FUNCTION = YES;
				GCC_WARN_UNUSED_VARIABLE = YES;
				IPHONEOS_DEPLOYMENT_TARGET = 11.2;
				MTL_ENABLE_DEBUG_INFO = YES;
				ONLY_ACTIVE_ARCH = YES;
				SDKROOT = iphoneos;
				SWIFT_ACTIVE_COMPILATION_CONDITIONS = DEBUG;
				SWIFT_OPTIMIZATION_LEVEL = "-Onone";
			};
			name = Debug;
		};
		FAEF711B1FF31B6500129AE9 /* Release */ = {
			isa = XCBuildConfiguration;
			buildSettings = {
				ALWAYS_SEARCH_USER_PATHS = NO;
				CLANG_ANALYZER_NONNULL = YES;
				CLANG_ANALYZER_NUMBER_OBJECT_CONVERSION = YES_AGGRESSIVE;
				CLANG_CXX_LANGUAGE_STANDARD = "gnu++14";
				CLANG_CXX_LIBRARY = "libc++";
				CLANG_ENABLE_MODULES = YES;
				CLANG_ENABLE_OBJC_ARC = YES;
				CLANG_WARN_BLOCK_CAPTURE_AUTORELEASING = YES;
				CLANG_WARN_BOOL_CONVERSION = YES;
				CLANG_WARN_COMMA = YES;
				CLANG_WARN_CONSTANT_CONVERSION = YES;
				CLANG_WARN_DIRECT_OBJC_ISA_USAGE = YES_ERROR;
				CLANG_WARN_DOCUMENTATION_COMMENTS = YES;
				CLANG_WARN_EMPTY_BODY = YES;
				CLANG_WARN_ENUM_CONVERSION = YES;
				CLANG_WARN_INFINITE_RECURSION = YES;
				CLANG_WARN_INT_CONVERSION = YES;
				CLANG_WARN_NON_LITERAL_NULL_CONVERSION = YES;
				CLANG_WARN_OBJC_LITERAL_CONVERSION = YES;
				CLANG_WARN_OBJC_ROOT_CLASS = YES_ERROR;
				CLANG_WARN_RANGE_LOOP_ANALYSIS = YES;
				CLANG_WARN_STRICT_PROTOTYPES = YES;
				CLANG_WARN_SUSPICIOUS_MOVE = YES;
				CLANG_WARN_UNGUARDED_AVAILABILITY = YES_AGGRESSIVE;
				CLANG_WARN_UNREACHABLE_CODE = YES;
				CLANG_WARN__DUPLICATE_METHOD_MATCH = YES;
				CODE_SIGN_IDENTITY = "iPhone Developer";
				COPY_PHASE_STRIP = NO;
				DEBUG_INFORMATION_FORMAT = "dwarf-with-dsym";
				ENABLE_NS_ASSERTIONS = NO;
				ENABLE_STRICT_OBJC_MSGSEND = YES;
				GCC_C_LANGUAGE_STANDARD = gnu11;
				GCC_NO_COMMON_BLOCKS = YES;
				GCC_WARN_64_TO_32_BIT_CONVERSION = YES;
				GCC_WARN_ABOUT_RETURN_TYPE = YES_ERROR;
				GCC_WARN_UNDECLARED_SELECTOR = YES;
				GCC_WARN_UNINITIALIZED_AUTOS = YES_AGGRESSIVE;
				GCC_WARN_UNUSED_FUNCTION = YES;
				GCC_WARN_UNUSED_VARIABLE = YES;
				IPHONEOS_DEPLOYMENT_TARGET = 11.2;
				MTL_ENABLE_DEBUG_INFO = NO;
				SDKROOT = iphoneos;
				SWIFT_OPTIMIZATION_LEVEL = "-Owholemodule";
				VALIDATE_PRODUCT = YES;
			};
			name = Release;
		};
		FAEF711D1FF31B6500129AE9 /* Debug */ = {
			isa = XCBuildConfiguration;
			baseConfigurationReference = B7285D9B983CE09EFB01B287 /* Pods-Todoey.debug.xcconfig */;
			buildSettings = {
				ASSETCATALOG_COMPILER_APPICON_NAME = AppIcon;
				CODE_SIGN_STYLE = Automatic;
				DEVELOPMENT_TEAM = 6KSQ8L2WFN;
				INFOPLIST_FILE = Todoey/Info.plist;
				LD_RUNPATH_SEARCH_PATHS = "$(inherited) @executable_path/Frameworks";
				PRODUCT_BUNDLE_IDENTIFIER = com.techmussayAppStore.Todoey;
				PRODUCT_NAME = "$(TARGET_NAME)";
				SWIFT_VERSION = 4.0;
				TARGETED_DEVICE_FAMILY = "1,2";
			};
			name = Debug;
		};
		FAEF711E1FF31B6500129AE9 /* Release */ = {
			isa = XCBuildConfiguration;
			baseConfigurationReference = 9AC06FA9F847D4F5030DC9D9 /* Pods-Todoey.release.xcconfig */;
			buildSettings = {
				ASSETCATALOG_COMPILER_APPICON_NAME = AppIcon;
				CODE_SIGN_STYLE = Automatic;
				DEVELOPMENT_TEAM = 6KSQ8L2WFN;
				INFOPLIST_FILE = Todoey/Info.plist;
				LD_RUNPATH_SEARCH_PATHS = "$(inherited) @executable_path/Frameworks";
				PRODUCT_BUNDLE_IDENTIFIER = com.techmussayAppStore.Todoey;
				PRODUCT_NAME = "$(TARGET_NAME)";
				SWIFT_VERSION = 4.0;
				TARGETED_DEVICE_FAMILY = "1,2";
			};
			name = Release;
		};
/* End XCBuildConfiguration section */

/* Begin XCConfigurationList section */
		FAEF71051FF31B6500129AE9 /* Build configuration list for PBXProject "Todoey" */ = {
			isa = XCConfigurationList;
			buildConfigurations = (
				FAEF711A1FF31B6500129AE9 /* Debug */,
				FAEF711B1FF31B6500129AE9 /* Release */,
			);
			defaultConfigurationIsVisible = 0;
			defaultConfigurationName = Release;
		};
		FAEF711C1FF31B6500129AE9 /* Build configuration list for PBXNativeTarget "Todoey" */ = {
			isa = XCConfigurationList;
			buildConfigurations = (
				FAEF711D1FF31B6500129AE9 /* Debug */,
				FAEF711E1FF31B6500129AE9 /* Release */,
			);
			defaultConfigurationIsVisible = 0;
			defaultConfigurationName = Release;
		};
/* End XCConfigurationList section */
	};
	rootObject = FAEF71021FF31B6500129AE9 /* Project object */;
}
